
Microsoft Visual Studio Solution File, Format Version 11.00
# Visual Studio 2010
Project("{FAE04EC0-301F-11D3-BF4B-00C04F79EFBC}") = "GeneratingSampleDataFromAClass", "GeneratingSampleDataFromAClass\GeneratingSampleDataFromAClass.csproj", "{ad787afe-5981-4367-bb05-54c0dbbc14af}"
EndProject
Global
	GlobalSection(SolutionConfigurationPlatforms) = preSolution
		Debug|Any CPU = Debug|Any CPU
		Release|Any CPU = Release|Any CPU
	EndGlobalSection
	GlobalSection(ProjectConfigurationPlatforms) = postSolution
		{AD787AFE-5981-4367-BB05-54C0DBBC14AF}.Debug|Any CPU.ActiveCfg = Debug|Any CPU
		{AD787AFE-5981-4367-BB05-54C0DBBC14AF}.Debug|Any CPU.Build.0 = Debug|Any CPU
		{AD787AFE-5981-4367-BB05-54C0DBBC14AF}.Debug|Any CPU.Deploy.0 = Debug|Any CPU
		{AD787AFE-5981-4367-BB05-54C0DBBC14AF}.Release|Any CPU.ActiveCfg = Release|Any CPU
		{AD787AFE-5981-4367-BB05-54C0DBBC14AF}.Release|Any CPU.Build.0 = Release|Any CPU
		{AD787AFE-5981-4367-BB05-54C0DBBC14AF}.Release|Any CPU.Deploy.0 = Release|Any CPU
	EndGlobalSection
EndGlobal
