
Microsoft Visual Studio Solution File, Format Version 11.00
# Visual Studio 2010
Project("{FAE04EC0-301F-11D3-BF4B-00C04F79EFBC}") = "LaunchersAndChoosers", "LaunchersAndChoosers\LaunchersAndChoosers.csproj", "{177B114C-F39A-4D9F-A143-429500E42F12}"
EndProject
Global
	GlobalSection(SolutionConfigurationPlatforms) = preSolution
		Debug|Any CPU = Debug|Any CPU
		Release|Any CPU = Release|Any CPU
	EndGlobalSection
	GlobalSection(ProjectConfigurationPlatforms) = postSolution
		{177B114C-F39A-4D9F-A143-429500E42F12}.Debug|Any CPU.ActiveCfg = Debug|Any CPU
		{177B114C-F39A-4D9F-A143-429500E42F12}.Debug|Any CPU.Build.0 = Debug|Any CPU
		{177B114C-F39A-4D9F-A143-429500E42F12}.Debug|Any CPU.Deploy.0 = Debug|Any CPU
		{177B114C-F39A-4D9F-A143-429500E42F12}.Release|Any CPU.ActiveCfg = Release|Any CPU
		{177B114C-F39A-4D9F-A143-429500E42F12}.Release|Any CPU.Build.0 = Release|Any CPU
		{177B114C-F39A-4D9F-A143-429500E42F12}.Release|Any CPU.Deploy.0 = Release|Any CPU
	EndGlobalSection
	GlobalSection(SolutionProperties) = preSolution
		HideSolutionNode = FALSE
	EndGlobalSection
EndGlobal
